{
  "version": 4,
  "terraform_version": "0.13.4",
  "serial": 1,
  "lineage": "23343d35-0531-b5ff-19ad-1df7f2948f5b",
  "outputs": {},
  "resources": [
    {
      "mode": "managed",
      "type": "local_file",
      "name": "test_file",
      "provider": "provider[\"registry.terraform.io/hashicorp/local\"]",
      "instances": [
        {
          "schema_version": 0,
          "attributes": {
            "content": "",
            "content_base64": null,
            "directory_permission": "0777",
            "file_permission": "0777",
            "filename": "./test.txt",
            "id": "da39a3ee5e6b4b0d3255bfef95601890afd80709",
            "sensitive_content": null,
            "source": null
          },
          "private": "bnVsbA=="
        }
      ]
    }
  ]
}
